{
  "version": 4,
  "terraform_version": "1.10.1",
  "serial": 6086,
  "lineage": "d8847b07-0c88-ee84-2257-c400f3d93aaa",
  "outputs": {},
  "resources": [
    {
      "mode": "managed",
      "type": "aws_ec2_transit_gateway",
      "name": "local_california",
      "provider": "provider[\"registry.terraform.io/hashicorp/aws\"].california",
      "instances": [
        {
          "schema_version": 0,
          "attributes": {
            "amazon_side_asn": 64512,
            "arn": "arn:aws:ec2:us-west-1:920373033605:transit-gateway/tgw-0cdadf979a94902de",
            "association_default_route_table_id": "",
            "auto_accept_shared_attachments": "enable",
            "default_route_table_association": "disable",
            "default_route_table_propagation": "disable",
            "description": "california",
            "dns_support": "enable",
            "id": "tgw-0cdadf979a94902de",
            "multicast_support": "disable",
            "owner_id": "920373033605",
            "propagation_default_route_table_id": "",
            "security_group_referencing_support": "disable",
            "tags": {
              "Name": "california TGW"
            },
            "tags_all": {
              "Name": "california TGW"
            },
            "timeouts": null,
            "transit_gateway_cidr_blocks": [],
            "vpn_ecmp_support": "enable"
          },
          "sensitive_attributes": [],
          "private": "eyJlMmJmYjczMC1lY2FhLTExZTYtOGY4OC0zNDM2M2JjN2M0YzAiOnsiY3JlYXRlIjo2MDAwMDAwMDAwMDAsImRlbGV0ZSI6NjAwMDAwMDAwMDAwLCJ1cGRhdGUiOjYwMDAwMDAwMDAwMH19"
        }
      ]
    },
    {
      "mode": "managed",
      "type": "aws_ec2_transit_gateway",
      "name": "local_london",
      "provider": "provider[\"registry.terraform.io/hashicorp/aws\"].london",
      "instances": [
        {
          "schema_version": 0,
          "attributes": {
            "amazon_side_asn": 64512,
            "arn": "arn:aws:ec2:eu-west-2:920373033605:transit-gateway/tgw-077192cf5fea88e49",
            "association_default_route_table_id": "",
            "auto_accept_shared_attachments": "enable",
            "default_route_table_association": "disable",
            "default_route_table_propagation": "disable",
            "description": "london",
            "dns_support": "enable",
            "id": "tgw-077192cf5fea88e49",
            "multicast_support": "disable",
            "owner_id": "920373033605",
            "propagation_default_route_table_id": "",
            "security_group_referencing_support": "disable",
            "tags": {
              "Name": "london TGW"
            },
            "tags_all": {
              "Name": "london TGW"
            },
            "timeouts": null,
            "transit_gateway_cidr_blocks": [],
            "vpn_ecmp_support": "enable"
          },
          "sensitive_attributes": [],
          "private": "eyJlMmJmYjczMC1lY2FhLTExZTYtOGY4OC0zNDM2M2JjN2M0YzAiOnsiY3JlYXRlIjo2MDAwMDAwMDAwMDAsImRlbGV0ZSI6NjAwMDAwMDAwMDAwLCJ1cGRhdGUiOjYwMDAwMDAwMDAwMH19"
        }
      ]
    },
    {
      "mode": "managed",
      "type": "aws_ec2_transit_gateway",
      "name": "local_new_york",
      "provider": "provider[\"registry.terraform.io/hashicorp/aws\"].new_york",
      "instances": [
        {
          "schema_version": 0,
          "attributes": {
            "amazon_side_asn": 64512,
            "arn": "arn:aws:ec2:us-east-1:920373033605:transit-gateway/tgw-054b862b7a82fc3b9",
            "association_default_route_table_id": "",
            "auto_accept_shared_attachments": "enable",
            "default_route_table_association": "disable",
            "default_route_table_propagation": "disable",
            "description": "new_york",
            "dns_support": "enable",
            "id": "tgw-054b862b7a82fc3b9",
            "multicast_support": "disable",
            "owner_id": "920373033605",
            "propagation_default_route_table_id": "",
            "security_group_referencing_support": "disable",
            "tags": {
              "Name": "new_york TGW"
            },
            "tags_all": {
              "Name": "new_york TGW"
            },
            "timeouts": null,
            "transit_gateway_cidr_blocks": [],
            "vpn_ecmp_support": "enable"
          },
          "sensitive_attributes": [],
          "private": "eyJlMmJmYjczMC1lY2FhLTExZTYtOGY4OC0zNDM2M2JjN2M0YzAiOnsiY3JlYXRlIjo2MDAwMDAwMDAwMDAsImRlbGV0ZSI6NjAwMDAwMDAwMDAwLCJ1cGRhdGUiOjYwMDAwMDAwMDAwMH19"
        }
      ]
    },
    {
      "mode": "managed",
      "type": "aws_ec2_transit_gateway",
      "name": "local_sydney",
      "provider": "provider[\"registry.terraform.io/hashicorp/aws\"].sydney",
      "instances": [
        {
          "schema_version": 0,
          "attributes": {
            "amazon_side_asn": 64512,
            "arn": "arn:aws:ec2:ap-southeast-2:920373033605:transit-gateway/tgw-04a93193d8ad63ea8",
            "association_default_route_table_id": "",
            "auto_accept_shared_attachments": "enable",
            "default_route_table_association": "disable",
            "default_route_table_propagation": "disable",
            "description": "sydney",
            "dns_support": "enable",
            "id": "tgw-04a93193d8ad63ea8",
            "multicast_support": "disable",
            "owner_id": "920373033605",
            "propagation_default_route_table_id": "",
            "security_group_referencing_support": "disable",
            "tags": {
              "Name": "sydney TGW"
            },
            "tags_all": {
              "Name": "sydney TGW"
            },
            "timeouts": null,
            "transit_gateway_cidr_blocks": [],
            "vpn_ecmp_support": "enable"
          },
          "sensitive_attributes": [],
          "private": "eyJlMmJmYjczMC1lY2FhLTExZTYtOGY4OC0zNDM2M2JjN2M0YzAiOnsiY3JlYXRlIjo2MDAwMDAwMDAwMDAsImRlbGV0ZSI6NjAwMDAwMDAwMDAwLCJ1cGRhdGUiOjYwMDAwMDAwMDAwMH19"
        }
      ]
    },
    {
      "mode": "managed",
      "type": "aws_ec2_transit_gateway",
      "name": "peer",
      "provider": "provider[\"registry.terraform.io/hashicorp/aws\"].tokyo",
      "instances": [
        {
          "schema_version": 0,
          "attributes": {
            "amazon_side_asn": 64512,
            "arn": "arn:aws:ec2:ap-northeast-1:920373033605:transit-gateway/tgw-07f44c6c2b6292918",
            "association_default_route_table_id": "",
            "auto_accept_shared_attachments": "enable",
            "default_route_table_association": "disable",
            "default_route_table_propagation": "disable",
            "description": "tokyo",
            "dns_support": "enable",
            "id": "tgw-07f44c6c2b6292918",
            "multicast_support": "disable",
            "owner_id": "920373033605",
            "propagation_default_route_table_id": "",
            "security_group_referencing_support": "disable",
            "tags": {
              "Name": "tokyo TGW"
            },
            "tags_all": {
              "Name": "tokyo TGW"
            },
            "timeouts": null,
            "transit_gateway_cidr_blocks": [],
            "vpn_ecmp_support": "enable"
          },
          "sensitive_attributes": [],
          "private": "eyJlMmJmYjczMC1lY2FhLTExZTYtOGY4OC0zNDM2M2JjN2M0YzAiOnsiY3JlYXRlIjo2MDAwMDAwMDAwMDAsImRlbGV0ZSI6NjAwMDAwMDAwMDAwLCJ1cGRhdGUiOjYwMDAwMDAwMDAwMH19"
        }
      ]
    },
    {
      "mode": "managed",
      "type": "aws_ec2_transit_gateway_peering_attachment",
      "name": "hub_to_spoke",
      "provider": "provider[\"registry.terraform.io/hashicorp/aws\"].new_york",
      "instances": [
        {
          "schema_version": 0,
          "attributes": {
            "id": "tgw-attach-0acffaebf83d4d84b",
            "options": [],
            "peer_account_id": "920373033605",
            "peer_region": "ap-northeast-1",
            "peer_transit_gateway_id": "tgw-07f44c6c2b6292918",
            "state": "available",
            "tags": {
              "Name": "Hub to Spoke Peering new york"
            },
            "tags_all": {
              "Name": "Hub to Spoke Peering new york"
            },
            "transit_gateway_id": "tgw-054b862b7a82fc3b9"
          },
          "sensitive_attributes": [],
          "private": "bnVsbA==",
          "dependencies": [
            "aws_ec2_transit_gateway.local_new_york",
            "aws_ec2_transit_gateway.peer"
          ]
        }
      ]
    },
    {
      "mode": "managed",
      "type": "aws_ec2_transit_gateway_peering_attachment",
      "name": "hub_to_spoke_california",
      "provider": "provider[\"registry.terraform.io/hashicorp/aws\"].california",
      "instances": [
        {
          "schema_version": 0,
          "attributes": {
            "id": "tgw-attach-06e9ac3c4acf9257f",
            "options": [],
            "peer_account_id": "920373033605",
            "peer_region": "ap-northeast-1",
            "peer_transit_gateway_id": "tgw-07f44c6c2b6292918",
            "state": "available",
            "tags": {
              "Name": "Hub to Spoke Peering new york"
            },
            "tags_all": {
              "Name": "Hub to Spoke Peering new york"
            },
            "transit_gateway_id": "tgw-0cdadf979a94902de"
          },
          "sensitive_attributes": [],
          "private": "bnVsbA==",
          "dependencies": [
            "aws_ec2_transit_gateway.local_california",
            "aws_ec2_transit_gateway.peer"
          ]
        }
      ]
    },
    {
      "mode": "managed",
      "type": "aws_ec2_transit_gateway_peering_attachment",
      "name": "hub_to_spoke_london",
      "provider": "provider[\"registry.terraform.io/hashicorp/aws\"].london",
      "instances": [
        {
          "schema_version": 0,
          "attributes": {
            "id": "tgw-attach-051e6da987e481553",
            "options": [],
            "peer_account_id": "920373033605",
            "peer_region": "ap-northeast-1",
            "peer_transit_gateway_id": "tgw-07f44c6c2b6292918",
            "state": "available",
            "tags": {
              "Name": "Hub to Spoke Peering new york"
            },
            "tags_all": {
              "Name": "Hub to Spoke Peering new york"
            },
            "transit_gateway_id": "tgw-077192cf5fea88e49"
          },
          "sensitive_attributes": [],
          "private": "bnVsbA==",
          "dependencies": [
            "aws_ec2_transit_gateway.local_london",
            "aws_ec2_transit_gateway.peer"
          ]
        }
      ]
    },
    {
      "mode": "managed",
      "type": "aws_ec2_transit_gateway_peering_attachment",
      "name": "hub_to_spoke_sydney",
      "provider": "provider[\"registry.terraform.io/hashicorp/aws\"].sydney",
      "instances": [
        {
          "schema_version": 0,
          "attributes": {
            "id": "tgw-attach-0a221843fcc896ee3",
            "options": [],
            "peer_account_id": "920373033605",
            "peer_region": "ap-northeast-1",
            "peer_transit_gateway_id": "tgw-07f44c6c2b6292918",
            "state": "available",
            "tags": {
              "Name": "Hub to Spoke Peering sydney"
            },
            "tags_all": {
              "Name": "Hub to Spoke Peering sydney"
            },
            "transit_gateway_id": "tgw-04a93193d8ad63ea8"
          },
          "sensitive_attributes": [],
          "private": "bnVsbA==",
          "dependencies": [
            "aws_ec2_transit_gateway.local_sydney",
            "aws_ec2_transit_gateway.peer"
          ]
        }
      ]
    },
    {
      "mode": "managed",
      "type": "aws_ec2_transit_gateway_route_table",
      "name": "hub_route_table",
      "provider": "provider[\"registry.terraform.io/hashicorp/aws\"].tokyo",
      "instances": [
        {
          "schema_version": 0,
          "attributes": {
            "arn": "arn:aws:ec2:ap-northeast-1:920373033605:transit-gateway-route-table/tgw-rtb-03aece350eacd51f7",
            "default_association_route_table": false,
            "default_propagation_route_table": false,
            "id": "tgw-rtb-03aece350eacd51f7",
            "tags": {
              "Name": "Hub TGW Route Table (Tokyo)"
            },
            "tags_all": {
              "Name": "Hub TGW Route Table (Tokyo)"
            },
            "transit_gateway_id": "tgw-07f44c6c2b6292918"
          },
          "sensitive_attributes": [],
          "private": "bnVsbA==",
          "dependencies": [
            "aws_ec2_transit_gateway.peer"
          ]
        }
      ]
    },
    {
      "mode": "managed",
      "type": "aws_ec2_transit_gateway_route_table",
      "name": "hub_route_table_tko_california",
      "provider": "provider[\"registry.terraform.io/hashicorp/aws\"].tokyo",
      "instances": [
        {
          "schema_version": 0,
          "attributes": {
            "arn": "arn:aws:ec2:ap-northeast-1:920373033605:transit-gateway-route-table/tgw-rtb-07976cb3568f25d2d",
            "default_association_route_table": false,
            "default_propagation_route_table": false,
            "id": "tgw-rtb-07976cb3568f25d2d",
            "tags": {
              "Name": "Hub TGW Route Table (Tokyo)"
            },
            "tags_all": {
              "Name": "Hub TGW Route Table (Tokyo)"
            },
            "transit_gateway_id": "tgw-07f44c6c2b6292918"
          },
          "sensitive_attributes": [],
          "private": "bnVsbA==",
          "dependencies": [
            "aws_ec2_transit_gateway.peer"
          ]
        }
      ]
    },
    {
      "mode": "managed",
      "type": "aws_ec2_transit_gateway_route_table",
      "name": "hub_route_table_tko_london",
      "provider": "provider[\"registry.terraform.io/hashicorp/aws\"].tokyo",
      "instances": [
        {
          "schema_version": 0,
          "attributes": {
            "arn": "arn:aws:ec2:ap-northeast-1:920373033605:transit-gateway-route-table/tgw-rtb-03a6276bd4798bbc7",
            "default_association_route_table": false,
            "default_propagation_route_table": false,
            "id": "tgw-rtb-03a6276bd4798bbc7",
            "tags": {
              "Name": "Hub TGW Route Table (Tokyo)"
            },
            "tags_all": {
              "Name": "Hub TGW Route Table (Tokyo)"
            },
            "transit_gateway_id": "tgw-07f44c6c2b6292918"
          },
          "sensitive_attributes": [],
          "private": "bnVsbA==",
          "dependencies": [
            "aws_ec2_transit_gateway.peer"
          ]
        }
      ]
    },
    {
      "mode": "managed",
      "type": "aws_ec2_transit_gateway_route_table",
      "name": "hub_route_table_tko_sydney",
      "provider": "provider[\"registry.terraform.io/hashicorp/aws\"].tokyo",
      "instances": [
        {
          "schema_version": 0,
          "attributes": {
            "arn": "arn:aws:ec2:ap-northeast-1:920373033605:transit-gateway-route-table/tgw-rtb-00b968547682bbc28",
            "default_association_route_table": false,
            "default_propagation_route_table": false,
            "id": "tgw-rtb-00b968547682bbc28",
            "tags": {
              "Name": "Hub TGW Route Table (Tokyo)"
            },
            "tags_all": {
              "Name": "Hub TGW Route Table (Tokyo)"
            },
            "transit_gateway_id": "tgw-07f44c6c2b6292918"
          },
          "sensitive_attributes": [],
          "private": "bnVsbA==",
          "dependencies": [
            "aws_ec2_transit_gateway.peer"
          ]
        }
      ]
    },
    {
      "mode": "managed",
      "type": "aws_ec2_transit_gateway_route_table",
      "name": "spoke_route_table_sydney",
      "provider": "provider[\"registry.terraform.io/hashicorp/aws\"].sydney",
      "instances": [
        {
          "schema_version": 0,
          "attributes": {
            "arn": "arn:aws:ec2:ap-southeast-2:920373033605:transit-gateway-route-table/tgw-rtb-0fe970e385084b164",
            "default_association_route_table": false,
            "default_propagation_route_table": false,
            "id": "tgw-rtb-0fe970e385084b164",
            "tags": {
              "Name": "Spoke TGW Route Table (sydney)"
            },
            "tags_all": {
              "Name": "Spoke TGW Route Table (sydney)"
            },
            "transit_gateway_id": "tgw-04a93193d8ad63ea8"
          },
          "sensitive_attributes": [],
          "private": "bnVsbA==",
          "dependencies": [
            "aws_ec2_transit_gateway.local_sydney"
          ]
        }
      ]
    },
    {
      "mode": "managed",
      "type": "aws_ec2_transit_gateway_route_table_association",
      "name": "tgw_attachment_association_peer",
      "provider": "provider[\"registry.terraform.io/hashicorp/aws\"].tokyo",
      "instances": [
        {
          "schema_version": 0,
          "attributes": {
            "id": "tgw-rtb-03aece350eacd51f7_tgw-attach-0acffaebf83d4d84b",
            "replace_existing_association": false,
            "resource_id": "tgw-07f44c6c2b6292918",
            "resource_type": "peering",
            "transit_gateway_attachment_id": "tgw-attach-0acffaebf83d4d84b",
            "transit_gateway_route_table_id": "tgw-rtb-03aece350eacd51f7"
          },
          "sensitive_attributes": [],
          "private": "bnVsbA==",
          "dependencies": [
            "aws_ec2_transit_gateway.local_new_york",
            "aws_ec2_transit_gateway.peer",
            "aws_ec2_transit_gateway_peering_attachment.hub_to_spoke",
            "aws_ec2_transit_gateway_route_table.hub_route_table"
          ]
        }
      ]
    },
    {
      "mode": "managed",
      "type": "aws_ec2_transit_gateway_route_table_association",
      "name": "tgw_attachment_association_peer_california",
      "provider": "provider[\"registry.terraform.io/hashicorp/aws\"].tokyo",
      "instances": [
        {
          "schema_version": 0,
          "attributes": {
            "id": "tgw-rtb-07976cb3568f25d2d_tgw-attach-06e9ac3c4acf9257f",
            "replace_existing_association": false,
            "resource_id": "tgw-07f44c6c2b6292918",
            "resource_type": "peering",
            "transit_gateway_attachment_id": "tgw-attach-06e9ac3c4acf9257f",
            "transit_gateway_route_table_id": "tgw-rtb-07976cb3568f25d2d"
          },
          "sensitive_attributes": [],
          "private": "bnVsbA==",
          "dependencies": [
            "aws_ec2_transit_gateway.local_california",
            "aws_ec2_transit_gateway.peer",
            "aws_ec2_transit_gateway_peering_attachment.hub_to_spoke_california",
            "aws_ec2_transit_gateway_route_table.hub_route_table_tko_california"
          ]
        }
      ]
    },
    {
      "mode": "managed",
      "type": "aws_ec2_transit_gateway_route_table_association",
      "name": "tgw_attachment_association_peer_london",
      "provider": "provider[\"registry.terraform.io/hashicorp/aws\"].tokyo",
      "instances": [
        {
          "schema_version": 0,
          "attributes": {
            "id": "tgw-rtb-03a6276bd4798bbc7_tgw-attach-051e6da987e481553",
            "replace_existing_association": false,
            "resource_id": "tgw-07f44c6c2b6292918",
            "resource_type": "peering",
            "transit_gateway_attachment_id": "tgw-attach-051e6da987e481553",
            "transit_gateway_route_table_id": "tgw-rtb-03a6276bd4798bbc7"
          },
          "sensitive_attributes": [],
          "private": "bnVsbA==",
          "dependencies": [
            "aws_ec2_transit_gateway.local_london",
            "aws_ec2_transit_gateway.peer",
            "aws_ec2_transit_gateway_peering_attachment.hub_to_spoke_london",
            "aws_ec2_transit_gateway_route_table.hub_route_table_tko_london"
          ]
        }
      ]
    },
    {
      "mode": "managed",
      "type": "aws_ec2_transit_gateway_route_table_association",
      "name": "tgw_attachment_association_peer_sydney",
      "provider": "provider[\"registry.terraform.io/hashicorp/aws\"].tokyo",
      "instances": [
        {
          "schema_version": 0,
          "attributes": {
            "id": "tgw-rtb-00b968547682bbc28_tgw-attach-0a221843fcc896ee3",
            "replace_existing_association": false,
            "resource_id": "tgw-07f44c6c2b6292918",
            "resource_type": "peering",
            "transit_gateway_attachment_id": "tgw-attach-0a221843fcc896ee3",
            "transit_gateway_route_table_id": "tgw-rtb-00b968547682bbc28"
          },
          "sensitive_attributes": [],
          "private": "bnVsbA==",
          "dependencies": [
            "aws_ec2_transit_gateway.local_sydney",
            "aws_ec2_transit_gateway.peer",
            "aws_ec2_transit_gateway_peering_attachment.hub_to_spoke_sydney",
            "aws_ec2_transit_gateway_route_table.hub_route_table_tko_sydney"
          ]
        }
      ]
    },
    {
      "mode": "managed",
      "type": "aws_ec2_transit_gateway_route_table_association",
      "name": "tgw_attachment_association_sydney",
      "provider": "provider[\"registry.terraform.io/hashicorp/aws\"].sydney",
      "instances": [
        {
          "schema_version": 0,
          "attributes": {
            "id": "tgw-rtb-0fe970e385084b164_tgw-attach-0a221843fcc896ee3",
            "replace_existing_association": false,
            "resource_id": "tgw-04a93193d8ad63ea8",
            "resource_type": "peering",
            "transit_gateway_attachment_id": "tgw-attach-0a221843fcc896ee3",
            "transit_gateway_route_table_id": "tgw-rtb-0fe970e385084b164"
          },
          "sensitive_attributes": [],
          "private": "bnVsbA==",
          "dependencies": [
            "aws_ec2_transit_gateway.local_sydney",
            "aws_ec2_transit_gateway.peer",
            "aws_ec2_transit_gateway_peering_attachment.hub_to_spoke_sydney",
            "aws_ec2_transit_gateway_route_table.spoke_route_table_sydney"
          ]
        }
      ]
    }
  ],
  "check_results": null
}
